{"format_version":"1.0","provider_schemas":{"registry.terraform.io/go-gitea/gitea":{"provider":{"version":0,"block":{"attributes":{"base_url":{"type":"string","description":"The Gitea Base API URL","description_kind":"plain","optional":true},"cacert_file":{"type":"string","description":"A file containing the ca certificate to use in case ssl certificate is not from a standard chain","description_kind":"plain","optional":true},"insecure":{"type":"bool","description":"Disable SSL verification of API calls","description_kind":"plain","optional":true},"password":{"type":"string","description":"Password in case of using basic auth","description_kind":"plain","optional":true},"token":{"type":"string","description":"The application token used to connect to Gitea.","description_kind":"plain","optional":true},"username":{"type":"string","description":"Username in case of using basic auth","description_kind":"plain","optional":true}},"description_kind":"plain"}},"resource_schemas":{"gitea_fork":{"version":0,"block":{"attributes":{"id":{"type":"string","description_kind":"plain","optional":true,"computed":true},"organization":{"type":"string","description":"The organization that owns the forked repo","description_kind":"plain","optional":true},"owner":{"type":"string","description":"The owner or owning organization of the repository to fork","description_kind":"plain","required":true},"repo":{"type":"string","description":"The name of the repository to fork","description_kind":"plain","required":true}},"description":"`gitea_fork` manages repository fork to the current user or an organisation\nForking a repository to a dedicated user is currently unsupported\nCreating a fork using this resource without an organisation will create the fork in the executors name","description_kind":"plain"}},"gitea_git_hook":{"version":0,"block":{"attributes":{"content":{"type":"string","description":"Content of the git hook","description_kind":"plain","required":true},"id":{"type":"string","description_kind":"plain","optional":true,"computed":true},"name":{"type":"string","description":"Name of the git hook to configure","description_kind":"plain","required":true},"repo":{"type":"string","description":"The repository that this hook belongs too.","description_kind":"plain","required":true},"user":{"type":"string","description":"The user (or organisation) owning the repo this hook belongs too","description_kind":"plain","required":true}},"description":"`gitea_git_hook` manages git hooks on a repository.\nimport is currently not supported\n\nWARNING: using this resource requires to enable server side hookswhich are known to cause [security issues](https://github.com/go-gitea/gitea/pull/13058)!\n\nif you want to procede, you need to enable server side hooks as stated [here](https://docs.gitea.io/en-us/config-cheat-sheet/#security-security)","description_kind":"plain"}},"gitea_gpg_key":{"version":0,"block":{"attributes":{"armored_public_key":{"type":"string","description":"An armored GPG public key","description_kind":"plain","required":true},"id":{"type":"string","description_kind":"plain","optional":true,"computed":true},"key_id":{"type":"string","description":"The ID of the GPG key","description_kind":"plain","computed":true}},"description":"`gitea_gpg_key` manages gpg keys that are associated with the current user.","description_kind":"plain"}},"gitea_oauth2_app":{"version":0,"block":{"attributes":{"client_id":{"type":"string","description":"OAuth2 Application client id","description_kind":"plain","computed":true},"client_secret":{"type":"string","description":"Oauth2 Application client secret","description_kind":"plain","computed":true,"sensitive":true},"confidential_client":{"type":"bool","description":"If set to false, it will be a public client (PKCE will be required)","description_kind":"plain","optional":true},"id":{"type":"string","description_kind":"plain","optional":true,"computed":true},"name":{"type":"string","description":"OAuth Application name","description_kind":"plain","required":true},"redirect_uris":{"type":["set","string"],"description":"Accepted redirect URIs","description_kind":"plain","required":true}},"description":"Handling [gitea oauth application](https://docs.gitea.io/en-us/oauth2-provider/) resources","description_kind":"plain"}},"gitea_org":{"version":0,"block":{"attributes":{"avatar_url":{"type":"string","description_kind":"plain","computed":true},"description":{"type":"string","description":"A description of this organisation.","description_kind":"plain","optional":true},"full_name":{"type":"string","description":"The display name of the organisation. Defaults to the value of `name`.","description_kind":"plain","optional":true},"id":{"type":"string","description_kind":"plain","optional":true,"computed":true},"location":{"type":"string","description_kind":"plain","optional":true},"name":{"type":"string","description":"The name of the organisation without spaces.","description_kind":"plain","required":true},"repo_admin_change_team_access":{"type":"bool","description_kind":"plain","optional":true},"repos":{"type":["list","string"],"description":"List of all Repositories that are part of this organisation","description_kind":"plain","computed":true},"visibility":{"type":"string","description":"Flag is this organisation should be publicly visible or not.","description_kind":"plain","optional":true},"website":{"type":"string","description":"A link to a website with more information about this organisation.","description_kind":"plain","optional":true}},"description":"`gitea_org` manages a gitea organisation.\n\nOrganisations are a way to group repositories and abstract permission management in a gitea instance.","description_kind":"plain"}},"gitea_public_key":{"version":0,"block":{"attributes":{"created":{"type":"string","description_kind":"plain","computed":true},"fingerprint":{"type":"string","description_kind":"plain","computed":true},"id":{"type":"string","description_kind":"plain","optional":true,"computed":true},"key":{"type":"string","description":"An armored SSH key to add","description_kind":"plain","required":true,"sensitive":true},"read_only":{"type":"bool","description":"Describe if the key has only read access or read/write","description_kind":"plain","optional":true},"title":{"type":"string","description":"Title of the key to add","description_kind":"plain","required":true},"type":{"type":"string","description_kind":"plain","computed":true},"username":{"type":"string","description":"User to associate with the added key","description_kind":"plain","required":true}},"description":"`gitea_public_key` manages ssh key that are associated with users.","description_kind":"plain"}},"gitea_repository":{"version":0,"block":{"attributes":{"allow_manual_merge":{"type":"bool","description_kind":"plain","optional":true},"allow_merge_commits":{"type":"bool","description_kind":"plain","optional":true},"allow_rebase":{"type":"bool","description_kind":"plain","optional":true},"allow_rebase_explicit":{"type":"bool","description_kind":"plain","optional":true},"allow_squash_merge":{"type":"bool","description_kind":"plain","optional":true},"archive_on_destroy":{"type":"bool","description":"Set to 'true' to archive the repository instead of deleting on destroy.","description_kind":"plain","optional":true},"archived":{"type":"bool","description_kind":"plain","optional":true},"auto_init":{"type":"bool","description":"Flag if the repository should be initiated with the configured values","description_kind":"plain","optional":true},"autodetect_manual_merge":{"type":"bool","description_kind":"plain","optional":true},"clone_url":{"type":"string","description_kind":"plain","computed":true},"created":{"type":"string","description_kind":"plain","computed":true},"default_branch":{"type":"string","description":"The default branch of the repository. Defaults to `main`","description_kind":"plain","optional":true},"description":{"type":"string","description":"The description of the repository.","description_kind":"plain","optional":true},"gitignores":{"type":"string","description":"A specific gitignore that should be commited to the repositoryon creation if `auto_init` is set to `true`\nNeed to exist in the gitea instance","description_kind":"plain","optional":true},"has_issues":{"type":"bool","description":"A flag if the repository should have issue management enabled or not.","description_kind":"plain","optional":true},"has_projects":{"type":"bool","description":"A flag if the repository should have the native project management enabled or not.","description_kind":"plain","optional":true},"has_pull_requests":{"type":"bool","description":"A flag if the repository should acceppt pull requests or not.","description_kind":"plain","optional":true},"has_wiki":{"type":"bool","description":"A flag if the repository should have the native wiki enabled or not.","description_kind":"plain","optional":true},"html_url":{"type":"string","description_kind":"plain","computed":true},"id":{"type":"string","description_kind":"plain","optional":true,"computed":true},"ignore_whitespace_conflicts":{"type":"bool","description_kind":"plain","optional":true},"issue_labels":{"type":"string","description":"The Issue Label configuration to be used in this repository.\nNeed to exist in the gitea instance","description_kind":"plain","optional":true},"license":{"type":"string","description":"The license under which the source code of this repository should be.\nNeed to exist in the gitea instance","description_kind":"plain","optional":true},"migration_clone_address":{"type":"string","description_kind":"plain","optional":true},"migration_clone_addresse":{"type":"string","description":"DEPRECATED in favor of `migration_clone_address`","description_kind":"plain","optional":true},"migration_issue_labels":{"type":"bool","description_kind":"plain","optional":true},"migration_lfs":{"type":"bool","description_kind":"plain","optional":true},"migration_lfs_endpoint":{"type":"string","description_kind":"plain","optional":true},"migration_milestones":{"type":"bool","description_kind":"plain","optional":true},"migration_mirror_interval":{"type":"string","description":"valid time units are 'h', 'm', 's'. 0 to disable automatic sync","description_kind":"plain","optional":true},"migration_releases":{"type":"bool","description_kind":"plain","optional":true},"migration_service":{"type":"string","description":"git/github/gitlab/gitea/gogs","description_kind":"plain","optional":true},"migration_service_auth_password":{"type":"string","description_kind":"plain","optional":true,"sensitive":true},"migration_service_auth_token":{"type":"string","description_kind":"plain","optional":true,"sensitive":true},"migration_service_auth_username":{"type":"string","description_kind":"plain","optional":true},"mirror":{"type":"bool","description_kind":"plain","optional":true},"name":{"type":"string","description":"The Name of the repository","description_kind":"plain","required":true},"permission_admin":{"type":"bool","description_kind":"plain","computed":true},"permission_pull":{"type":"bool","description_kind":"plain","computed":true},"permission_push":{"type":"bool","description_kind":"plain","computed":true},"private":{"type":"bool","description":"Flag if the repository should be private or not.","description_kind":"plain","optional":true},"readme":{"type":"string","description_kind":"plain","optional":true},"repo_template":{"type":"bool","description_kind":"plain","optional":true},"ssh_url":{"type":"string","description_kind":"plain","computed":true},"updated":{"type":"string","description_kind":"plain","computed":true},"username":{"type":"string","description":"The Owner of the repository","description_kind":"plain","required":true},"website":{"type":"string","description":"A link to a website with more information.","description_kind":"plain","optional":true}},"description":"`gitea_repository` manages a gitea repository.\n\nPer default this repository will be initializiled with the provided configuration (gitignore, License etc.).\nIf the `username` property is set to a organisation name, the provider will try to look if this organisation exists and create the repository under the organisation scope.\n\nRepository migrations have some properties that are not available to regular repositories. These are all prefixed with `migration_`.","description_kind":"plain"}},"gitea_repository_actions_secret":{"version":0,"block":{"attributes":{"created_at":{"type":"string","description":"Date of 'actions_secret' creation.","description_kind":"plain","computed":true},"id":{"type":"string","description_kind":"plain","optional":true,"computed":true},"repository":{"type":"string","description":"Name of the repository.","description_kind":"plain","required":true},"repository_owner":{"type":"string","description":"Owner of the repository.","description_kind":"plain","required":true},"secret_name":{"type":"string","description":"Name of the secret.","description_kind":"plain","required":true},"secret_value":{"type":"string","description":"Value of the secret.","description_kind":"plain","required":true,"sensitive":true}},"description_kind":"plain"}},"gitea_repository_actions_variable":{"version":0,"block":{"attributes":{"id":{"type":"string","description_kind":"plain","optional":true,"computed":true},"repository":{"type":"string","description":"Name of the repository.","description_kind":"plain","required":true},"repository_owner":{"type":"string","description":"Owner of the repository.","description_kind":"plain","required":true},"value":{"type":"string","description":"Value of the variable.","description_kind":"plain","required":true},"variable_name":{"type":"string","description":"Name of the variable.","description_kind":"plain","required":true}},"description_kind":"plain"}},"gitea_repository_branch_protection":{"version":0,"block":{"attributes":{"approval_whitelist_teams":{"type":["list","string"],"description":"Only reviews from allowlisted teams will count to the required\n\t\t\t\t\t\t\t\tapprovals. Without approval allowlist, reviews from anyone with\n\t\t\t\t\t\t\t\twrite access count to the required approvals.","description_kind":"plain","optional":true},"approval_whitelist_users":{"type":["list","string"],"description":"Only reviews from allowlisted users will count to the required\n\t\t\t\t\t\t\t\tapprovals. Without approval allowlist, reviews from anyone with\n\t\t\t\t\t\t\t\twrite access count to the required approvals.","description_kind":"plain","optional":true},"block_merge_on_official_review_requests":{"type":"bool","description":"Merging will not be possible when it has official\n\t\t\t\t\t\t\t\treview requests, even if there are enough approvals.","description_kind":"plain","optional":true},"block_merge_on_outdated_branch":{"type":"bool","description":"Merging will not be possible when head branch is behind base branch.","description_kind":"plain","optional":true},"block_merge_on_rejected_reviews":{"type":"bool","description":"Merging will not be possible when changes are\n\t\t\t\t\t\t\t\trequested by official reviewers, even if there are enough\n\t\t\t\t\t\t\t\tapprovals.","description_kind":"plain","optional":true},"created_at":{"type":"string","description":"Webhook creation timestamp","description_kind":"plain","computed":true},"dismiss_stale_approvals":{"type":"bool","description":"When new commits that change the content of the pull request\n\t\t\t\t\t\t\t\tare pushed to the branch, old approvals will be dismissed.","description_kind":"plain","optional":true},"enable_approval_whitelist":{"type":"bool","description":"True if a approval whitelist is used.","description_kind":"plain","computed":true},"enable_merge_whitelist":{"type":"bool","description":"True if a merge whitelist is used.","description_kind":"plain","computed":true},"enable_push":{"type":"bool","description":"Anyone with write access will be allowed to push to this branch\n\t\t\t\t\t\t\t\t(but not force push), add a whitelist users or teams to limit\n\t\t\t\t\t\t\t\taccess.","description_kind":"plain","optional":true},"enable_push_whitelist":{"type":"bool","description":"True if a push whitelist is used.","description_kind":"plain","computed":true},"enable_status_check":{"type":"bool","description":"Require status checks to pass before merging. When enabled,\n\t\t\t\t\t\t\t\tcommits must first be pushed to another branch, then merged\n\t\t\t\t\t\t\t\tor pushed directly to a branch that matches this rule after\n\t\t\t\t\t\t\t\tstatus checks have passed. If no contexts are matched, the\n\t\t\t\t\t\t\t\tlast commit must be successful regardless of context","description_kind":"plain","computed":true},"id":{"type":"string","description_kind":"plain","optional":true,"computed":true},"merge_whitelist_teams":{"type":["list","string"],"description":"Allow only allowlisted teams to merge pull requests into this branch.","description_kind":"plain","optional":true},"merge_whitelist_users":{"type":["list","string"],"description":"Allow only allowlisted users to merge pull requests into this branch.","description_kind":"plain","optional":true},"name":{"type":"string","description":"Repository name","description_kind":"plain","required":true},"protected_file_patterns":{"type":"string","description":"Protected file patterns (separated using semicolon ';')","description_kind":"plain","optional":true},"push_whitelist_deploy_keys":{"type":"bool","description":"Allow deploy keys with write access to push. Requires enable_push to be set to true.","description_kind":"plain","optional":true},"push_whitelist_teams":{"type":["list","string"],"description":"Allowlisted teams for pushing. Requires enable_push to be set to true.","description_kind":"plain","optional":true},"push_whitelist_users":{"type":["list","string"],"description":"Allowlisted users for pushing. Requires enable_push to be set to true.","description_kind":"plain","optional":true},"require_signed_commits":{"type":"bool","description":"Reject pushes to this branch if they are unsigned or unverifiable.","description_kind":"plain","optional":true},"required_approvals":{"type":"number","description":"Allow only to merge pull request with enough positive reviews.","description_kind":"plain","optional":true},"rule_name":{"type":"string","description":"Protected Branch Name Pattern","description_kind":"plain","required":true},"status_check_patterns":{"type":["list","string"],"description":"Enter patterns to specify which status checks must pass before\n\t\t\t\t\t\t\t\tbranches can be merged into a branch that matches this rule.\n\t\t\t\t\t\t\t\tEach line specifies a pattern. Patterns cannot be empty.","description_kind":"plain","optional":true},"unprotected_file_patterns":{"type":"string","description":"Unprotected file patterns (separated using semicolon ';')","description_kind":"plain","optional":true},"updated_at":{"type":"string","description":"Webhook creation timestamp","description_kind":"plain","computed":true},"username":{"type":"string","description":"User name or organization name","description_kind":"plain","required":true}},"description":"This resource allows you to create and manage branch protections for repositories.","description_kind":"plain"}},"gitea_repository_key":{"version":0,"block":{"attributes":{"id":{"type":"string","description_kind":"plain","optional":true,"computed":true},"key":{"type":"string","description":"Armored SSH key to add","description_kind":"plain","required":true},"read_only":{"type":"bool","description":"Whether this key has read or read/write access","description_kind":"plain","optional":true},"repository":{"type":"number","description":"The ID of the repository where the deploy key belongs to","description_kind":"plain","required":true},"title":{"type":"string","description":"Name of the deploy key","description_kind":"plain","required":true}},"description":"`gitea_repository_key` manages a deploy key for a single gitea_repository.\n\nEvery key needs a unique name and unique key, i.e. no key can be added twice to the same repo","description_kind":"plain"}},"gitea_repository_webhook":{"version":0,"block":{"attributes":{"active":{"type":"bool","description":"Set webhook to active, e.g. `true`","description_kind":"plain","required":true},"authorization_header":{"type":"string","description":"Webhook authorization header","description_kind":"plain","optional":true},"branch_filter":{"type":"string","description":"Set branch filter on the webhook, e.g. `\"*\"`","description_kind":"plain","required":true},"content_type":{"type":"string","description":"The content type of the payload. It can be `json`, or `form`","description_kind":"plain","required":true},"created_at":{"type":"string","description":"Webhook creation timestamp","description_kind":"plain","computed":true},"events":{"type":["list","string"],"description":"A list of events that will trigger the webhool, e.g. `[\"push\"]`","description_kind":"plain","required":true},"id":{"type":"string","description_kind":"plain","optional":true,"computed":true},"name":{"type":"string","description":"Repository name","description_kind":"plain","required":true},"secret":{"type":"string","description":"Webhook secret","description_kind":"plain","optional":true},"type":{"type":"string","description":"Webhook type, e.g. `gitea`","description_kind":"plain","required":true},"url":{"type":"string","description":"Target URL of the webhook","description_kind":"plain","required":true},"username":{"type":"string","description":"User name or organization name","description_kind":"plain","required":true}},"description":"This resource allows you to create and manage webhooks for repositories.","description_kind":"plain"}},"gitea_team":{"version":0,"block":{"attributes":{"can_create_repos":{"type":"bool","description":"Flag if the Teams members should be able to create Rpositories in the Organisation","description_kind":"plain","optional":true},"description":{"type":"string","description":"Description of the Team","description_kind":"plain","optional":true},"id":{"type":"string","description_kind":"plain","optional":true,"computed":true},"include_all_repositories":{"type":"bool","description":"Flag if the Teams members should have access to all Repositories in the Organisation","description_kind":"plain","optional":true},"name":{"type":"string","description":"Name of the Team","description_kind":"plain","required":true},"organisation":{"type":"string","description":"The organisation which this Team is part of.","description_kind":"plain","required":true},"permission":{"type":"string","description":"Permissions associated with this Team\nCan be `none`, `read`, `write`, `admin` or `owner`","description_kind":"plain","optional":true},"repositories":{"type":["list","string"],"description":"List of Repositories that should be part of this team","description_kind":"plain","optional":true,"computed":true},"units":{"type":"string","description":"List of types of Repositories that should be allowed to be created from Team members.\nCan be `repo.code`, `repo.issues`, `repo.ext_issues`, `repo.wiki`, `repo.pulls`, `repo.releases`, `repo.projects` and/or `repo.ext_wiki`","description_kind":"plain","optional":true}},"description":"`gitea_team` manages Team that are part of an organisation.","description_kind":"plain"}},"gitea_team_members":{"version":0,"block":{"attributes":{"id":{"type":"string","description_kind":"plain","optional":true,"computed":true},"members":{"type":["set","string"],"description":"The user names of the members of the team.","description_kind":"plain","required":true},"team_id":{"type":"number","description":"The ID of the team.","description_kind":"plain","required":true}},"description":"`gitea_team_members` manages all members of a single team. This resource will be recreated on member changes.","description_kind":"plain"}},"gitea_team_membership":{"version":0,"block":{"attributes":{"id":{"type":"string","description_kind":"plain","optional":true,"computed":true},"team_id":{"type":"number","description":"The ID of the team.","description_kind":"plain","required":true},"username":{"type":"string","description":"The username of the team member.","description_kind":"plain","required":true}},"description":"`gitea_team_membership` manages a single user's membership of a single team.","description_kind":"plain"}},"gitea_token":{"version":0,"block":{"attributes":{"id":{"type":"string","description_kind":"plain","optional":true,"computed":true},"last_eight":{"type":"string","description_kind":"plain","computed":true},"name":{"type":"string","description":"The name of the Access Token","description_kind":"plain","required":true},"scopes":{"type":["set","string"],"description":"List of string representations of scopes for the token","description_kind":"plain","required":true},"token":{"type":"string","description":"The actual Access Token","description_kind":"plain","computed":true,"sensitive":true}},"description":"`gitea_token` manages gitea Access Tokens.\n\nDue to upstream limitations (see https://gitea.com/gitea/go-sdk/issues/610) this resource\ncan only be used with username/password provider configuration.\n\nWARNING:\nTokens will be stored in the terraform state!","description_kind":"plain"}},"gitea_user":{"version":0,"block":{"attributes":{"active":{"type":"bool","description":"Flag if this user should be active or not","description_kind":"plain","optional":true},"admin":{"type":"bool","description":"Flag if this user should be an administrator or not","description_kind":"plain","optional":true},"allow_create_organization":{"type":"bool","description_kind":"plain","optional":true},"allow_git_hook":{"type":"bool","description_kind":"plain","optional":true},"allow_import_local":{"type":"bool","description_kind":"plain","optional":true},"description":{"type":"string","description":"A description of the user","description_kind":"plain","optional":true},"email":{"type":"string","description":"E-Mail Address of the user","description_kind":"plain","required":true},"force_password_change":{"type":"bool","description":"Flag if the user defined password should be overwritten or not","description_kind":"plain","optional":true},"full_name":{"type":"string","description":"Full name of the user","description_kind":"plain","optional":true,"computed":true},"id":{"type":"string","description_kind":"plain","optional":true,"computed":true},"location":{"type":"string","description_kind":"plain","optional":true},"login_name":{"type":"string","description":"The login name can differ from the username","description_kind":"plain","required":true},"max_repo_creation":{"type":"number","description_kind":"plain","optional":true},"must_change_password":{"type":"bool","description":"Flag if the user should change the password after first login","description_kind":"plain","optional":true},"password":{"type":"string","description":"Password to be set for the user","description_kind":"plain","required":true,"sensitive":true},"prohibit_login":{"type":"bool","description":"Flag if the user should not be allowed to log in (bot user)","description_kind":"plain","optional":true},"restricted":{"type":"bool","description_kind":"plain","optional":true},"send_notification":{"type":"bool","description":"Flag to send a notification about the user creation to the defined `email`","description_kind":"plain","optional":true},"username":{"type":"string","description":"Username of the user to be created","description_kind":"plain","required":true},"visibility":{"type":"string","description":"Visibility of the user. Can be `public`, `limited` or `private`","description_kind":"plain","optional":true}},"description":"`gitea_user` manages a native gitea user.\n\nIf you are using OIDC or other kinds of authentication mechanisms you can still try to managessh keys or other ressources this way","description_kind":"plain"}}},"data_source_schemas":{"gitea_org":{"version":0,"block":{"attributes":{"avatar_url":{"type":"string","description_kind":"plain","computed":true},"description":{"type":"string","description_kind":"plain","computed":true},"full_name":{"type":"string","description_kind":"plain","computed":true},"id":{"type":"number","description_kind":"plain","computed":true},"location":{"type":"string","description_kind":"plain","computed":true},"name":{"type":"string","description_kind":"plain","optional":true,"computed":true},"visibility":{"type":"string","description_kind":"plain","computed":true},"website":{"type":"string","description_kind":"plain","computed":true}},"description_kind":"plain"}},"gitea_repo":{"version":0,"block":{"attributes":{"clone_url":{"type":"string","description_kind":"plain","computed":true},"created":{"type":"string","description_kind":"plain","computed":true},"default_branch":{"type":"string","description_kind":"plain","computed":true},"description":{"type":"string","description_kind":"plain","computed":true},"fork":{"type":"bool","description_kind":"plain","computed":true},"forks":{"type":"number","description_kind":"plain","computed":true},"full_name":{"type":"string","description_kind":"plain","computed":true},"html_url":{"type":"string","description_kind":"plain","computed":true},"id":{"type":"string","description_kind":"plain","optional":true,"computed":true},"mirror":{"type":"bool","description_kind":"plain","computed":true},"name":{"type":"string","description_kind":"plain","required":true},"open_issue_count":{"type":"number","description_kind":"plain","computed":true},"permission_admin":{"type":"bool","description_kind":"plain","computed":true},"permission_pull":{"type":"bool","description_kind":"plain","computed":true},"permission_push":{"type":"bool","description_kind":"plain","computed":true},"private":{"type":"bool","description_kind":"plain","computed":true},"size":{"type":"number","description_kind":"plain","computed":true},"ssh_url":{"type":"string","description_kind":"plain","computed":true},"stars":{"type":"number","description_kind":"plain","computed":true},"updated":{"type":"string","description_kind":"plain","computed":true},"username":{"type":"string","description_kind":"plain","required":true},"watchers":{"type":"number","description_kind":"plain","computed":true},"website":{"type":"string","description_kind":"plain","computed":true}},"description_kind":"plain"}},"gitea_user":{"version":0,"block":{"attributes":{"avatar_url":{"type":"string","description_kind":"plain","computed":true},"created":{"type":"string","description_kind":"plain","computed":true},"email":{"type":"string","description_kind":"plain","computed":true},"full_name":{"type":"string","description_kind":"plain","computed":true},"id":{"type":"number","description_kind":"plain","computed":true},"is_admin":{"type":"bool","description_kind":"plain","computed":true},"language":{"type":"string","description_kind":"plain","computed":true},"last_login":{"type":"string","description_kind":"plain","computed":true},"username":{"type":"string","description_kind":"plain","optional":true,"computed":true}},"description_kind":"plain"}}}}}}
